
Microsoft Visual Studio Solution File, Format Version 12.00
# Visual Studio Version 16
VisualStudioVersion = 16.0.30011.22
MinimumVisualStudioVersion = 10.0.40219.1
Project("{FAE04EC0-301F-11D3-BF4B-00C04F79EFBC}") = "UASPBO", "UASPBO.csproj", "{59DD11F3-0373-434A-9A56-162BFE9301FB}"
EndProject
Global
	GlobalSection(SolutionConfigurationPlatforms) = preSolution
		Debug|Any CPU = Debug|Any CPU
		Release|Any CPU = Release|Any CPU
	EndGlobalSection
	GlobalSection(ProjectConfigurationPlatforms) = postSolution
		{59DD11F3-0373-434A-9A56-162BFE9301FB}.Debug|Any CPU.ActiveCfg = Debug|Any CPU
		{59DD11F3-0373-434A-9A56-162BFE9301FB}.Debug|Any CPU.Build.0 = Debug|Any CPU
		{59DD11F3-0373-434A-9A56-162BFE9301FB}.Release|Any CPU.ActiveCfg = Release|Any CPU
		{59DD11F3-0373-434A-9A56-162BFE9301FB}.Release|Any CPU.Build.0 = Release|Any CPU
	EndGlobalSection
	GlobalSection(SolutionProperties) = preSolution
		HideSolutionNode = FALSE
	EndGlobalSection
	GlobalSection(ExtensibilityGlobals) = postSolution
		SolutionGuid = {3342152B-5CD4-4B4C-8175-372A12E1C952}
	EndGlobalSection
EndGlobal
